# This file is generated by running "yarn install" inside your project.
# Manual changes might be lost - proceed with caution!

__metadata:
  version: 8
  cacheKey: 10

"@google-labs/breadboard@npm:^0.5.0":
  version: 0.5.0
  resolution: "@google-labs/breadboard@npm:0.5.0"
  checksum: 66926d6b4d63e300092980d17373e511e152756be2438831cec37e0dd863585557f1792be58e62bb2dfbd73a11d92974040497661ce5d4158a7ad54a6a9f9126
  languageName: node
  linkType: hard

"@types/node@npm:20.9.1, @types/node@npm:^20.9.1":
  version: 20.9.1
  resolution: "@types/node@npm:20.9.1"
  dependencies:
    undici-types: "npm:~5.26.4"
  checksum: b2b3f9ee31db63ccd3d48e5597d359c3385879679f37a749e473b47068aae181d0e280f39f153d75ce704640b3ec09d029aecd2a686e5658fb866254dc7e781b
  languageName: node
  linkType: hard

"breadboard-samples@workspace:.":
  version: 0.0.0-use.local
  resolution: "breadboard-samples@workspace:."
  dependencies:
    "@google-labs/breadboard": "npm:^0.5.0"
    "@types/node": "npm:20.9.1"
    typescript: "npm:5.2.2"
  languageName: unknown
  linkType: soft

"hello-breadboard@workspace:samples/demos/Hello World":
  version: 0.0.0-use.local
  resolution: "hello-breadboard@workspace:samples/demos/Hello World"
  dependencies:
    "@google-labs/breadboard": "npm:^0.5.0"
    "@types/node": "npm:^20.9.1"
    typescript: "npm:^5.2.2"
  languageName: unknown
  linkType: soft

"multiple-inputs@workspace:samples/demos/Multiple Inputs":
  version: 0.0.0-use.local
  resolution: "multiple-inputs@workspace:samples/demos/Multiple Inputs"
  dependencies:
    "@google-labs/breadboard": "npm:^0.5.0"
    "@types/node": "npm:^20.9.1"
    typescript: "npm:^5.2.2"
  languageName: unknown
  linkType: soft

"multiple-outputs@workspace:samples/demos/Multiple Outputs":
  version: 0.0.0-use.local
  resolution: "multiple-outputs@workspace:samples/demos/Multiple Outputs"
  dependencies:
    "@google-labs/breadboard": "npm:^0.5.0"
    "@types/node": "npm:^20.9.1"
    typescript: "npm:^5.2.2"
  languageName: unknown
  linkType: soft

"nodes-by-id@workspace:samples/demos/Nodes by ID":
  version: 0.0.0-use.local
  resolution: "nodes-by-id@workspace:samples/demos/Nodes by ID"
  dependencies:
    "@google-labs/breadboard": "npm:^0.5.0"
    "@types/node": "npm:^20.9.1"
    typescript: "npm:^5.2.2"
  languageName: unknown
  linkType: soft

"specific-outputs@workspace:samples/demos/Specific Outputs":
  version: 0.0.0-use.local
  resolution: "specific-outputs@workspace:samples/demos/Specific Outputs"
  dependencies:
    "@google-labs/breadboard": "npm:^0.5.0"
    "@types/node": "npm:^20.9.1"
    typescript: "npm:^5.2.2"
  languageName: unknown
  linkType: soft

"typescript@npm:5.2.2, typescript@npm:^5.2.2":
  version: 5.2.2
  resolution: "typescript@npm:5.2.2"
  bin:
    tsc: bin/tsc
    tsserver: bin/tsserver
  checksum: d65e50eb849bd21ff8677e5b9447f9c6e74777e346afd67754934264dcbf4bd59e7d2473f6062d9a015d66bd573311166357e3eb07fea0b52859cf9bb2b58555
  languageName: node
  linkType: hard

"typescript@patch:typescript@npm%3A5.2.2#optional!builtin<compat/typescript>, typescript@patch:typescript@npm%3A^5.2.2#optional!builtin<compat/typescript>":
  version: 5.2.2
  resolution: "typescript@patch:typescript@npm%3A5.2.2#optional!builtin<compat/typescript>::version=5.2.2&hash=f3b441"
  bin:
    tsc: bin/tsc
    tsserver: bin/tsserver
  checksum: f79cc2ba802c94c2b78dbb00d767a10adb67368ae764709737dc277273ec148aa4558033a03ce901406b35fddf4eac46dabc94a1e1d12d2587e2b9cfe5707b4a
  languageName: node
  linkType: hard

"undici-types@npm:~5.26.4":
  version: 5.26.5
  resolution: "undici-types@npm:5.26.5"
  checksum: 0097779d94bc0fd26f0418b3a05472410408877279141ded2bd449167be1aed7ea5b76f756562cb3586a07f251b90799bab22d9019ceba49c037c76445f7cddd
  languageName: node
  linkType: hard
